
Microsoft Visual Studio Solution File, Format Version 12.00
# Visual Studio Version 17
VisualStudioVersion = 17.11.35431.28
MinimumVisualStudioVersion = 10.0.40219.1
Project("{FAE04EC0-301F-11D3-BF4B-00C04F79EFBC}") = "EasyGroceries.Api.Host", "EasyGroceries.Api.Host\EasyGroceries.Api.Host.csproj", "{B6F0DBFA-0801-48AD-9DFD-CC996EB92626}"
EndProject
Project("{FAE04EC0-301F-11D3-BF4B-00C04F79EFBC}") = "EasyGroceries.Api.Services", "EasyGroceries.Api.Services\EasyGroceries.Api.Services.csproj", "{D95063EF-0255-49C6-8CD1-CA92486F1142}"
EndProject
Project("{FAE04EC0-301F-11D3-BF4B-00C04F79EFBC}") = "EasyGroceries.Api.Data", "EasyGroceries.Api.Data\EasyGroceries.Api.Data.csproj", "{3F371F29-163D-4938-802E-4C52F011E828}"
EndProject
Global
	GlobalSection(SolutionConfigurationPlatforms) = preSolution
		Debug|Any CPU = Debug|Any CPU
		Release|Any CPU = Release|Any CPU
	EndGlobalSection
	GlobalSection(ProjectConfigurationPlatforms) = postSolution
		{B6F0DBFA-0801-48AD-9DFD-CC996EB92626}.Debug|Any CPU.ActiveCfg = Debug|Any CPU
		{B6F0DBFA-0801-48AD-9DFD-CC996EB92626}.Debug|Any CPU.Build.0 = Debug|Any CPU
		{B6F0DBFA-0801-48AD-9DFD-CC996EB92626}.Release|Any CPU.ActiveCfg = Release|Any CPU
		{B6F0DBFA-0801-48AD-9DFD-CC996EB92626}.Release|Any CPU.Build.0 = Release|Any CPU
		{D95063EF-0255-49C6-8CD1-CA92486F1142}.Debug|Any CPU.ActiveCfg = Debug|Any CPU
		{D95063EF-0255-49C6-8CD1-CA92486F1142}.Debug|Any CPU.Build.0 = Debug|Any CPU
		{D95063EF-0255-49C6-8CD1-CA92486F1142}.Release|Any CPU.ActiveCfg = Release|Any CPU
		{D95063EF-0255-49C6-8CD1-CA92486F1142}.Release|Any CPU.Build.0 = Release|Any CPU
		{3F371F29-163D-4938-802E-4C52F011E828}.Debug|Any CPU.ActiveCfg = Debug|Any CPU
		{3F371F29-163D-4938-802E-4C52F011E828}.Debug|Any CPU.Build.0 = Debug|Any CPU
		{3F371F29-163D-4938-802E-4C52F011E828}.Release|Any CPU.ActiveCfg = Release|Any CPU
		{3F371F29-163D-4938-802E-4C52F011E828}.Release|Any CPU.Build.0 = Release|Any CPU
	EndGlobalSection
	GlobalSection(SolutionProperties) = preSolution
		HideSolutionNode = FALSE
	EndGlobalSection
	GlobalSection(ExtensibilityGlobals) = postSolution
		SolutionGuid = {D81020DB-7BDA-458B-B0F6-FA4E8CA88AD8}
	EndGlobalSection
EndGlobal
